
Microsoft Visual Studio Solution File, Format Version 12.00
# Visual Studio 2012
Project("{FAE04EC0-301F-11D3-BF4B-00C04F79EFBC}") = "Stripe.iOS", "Stripe.iOS\Stripe.iOS.csproj", "{415E20F1-A7F6-40A7-9280-0DE9CD66057C}"
EndProject
Global
	GlobalSection(SolutionConfigurationPlatforms) = preSolution
		Debug|Any CPU = Debug|Any CPU
		Release|Any CPU = Release|Any CPU
	EndGlobalSection
	GlobalSection(ProjectConfigurationPlatforms) = postSolution
		{415E20F1-A7F6-40A7-9280-0DE9CD66057C}.Debug|Any CPU.ActiveCfg = Debug|Any CPU
		{415E20F1-A7F6-40A7-9280-0DE9CD66057C}.Debug|Any CPU.Build.0 = Debug|Any CPU
		{415E20F1-A7F6-40A7-9280-0DE9CD66057C}.Release|Any CPU.ActiveCfg = Release|Any CPU
		{415E20F1-A7F6-40A7-9280-0DE9CD66057C}.Release|Any CPU.Build.0 = Release|Any CPU
	EndGlobalSection
EndGlobal
